
Microsoft Visual Studio Solution File, Format Version 12.00
# Visual Studio Version 17
VisualStudioVersion = 17.10.35122.118
MinimumVisualStudioVersion = 10.0.40219.1
Project("{FAE04EC0-301F-11D3-BF4B-00C04F79EFBC}") = "firstlearning", "firstlearning\firstlearning.csproj", "{B705BBD5-76AE-42DB-9B65-2F8FA151B5BF}"
EndProject
Global
	GlobalSection(SolutionConfigurationPlatforms) = preSolution
		Debug|Any CPU = Debug|Any CPU
		Release|Any CPU = Release|Any CPU
	EndGlobalSection
	GlobalSection(ProjectConfigurationPlatforms) = postSolution
		{B705BBD5-76AE-42DB-9B65-2F8FA151B5BF}.Debug|Any CPU.ActiveCfg = Debug|Any CPU
		{B705BBD5-76AE-42DB-9B65-2F8FA151B5BF}.Debug|Any CPU.Build.0 = Debug|Any CPU
		{B705BBD5-76AE-42DB-9B65-2F8FA151B5BF}.Release|Any CPU.ActiveCfg = Release|Any CPU
		{B705BBD5-76AE-42DB-9B65-2F8FA151B5BF}.Release|Any CPU.Build.0 = Release|Any CPU
	EndGlobalSection
	GlobalSection(SolutionProperties) = preSolution
		HideSolutionNode = FALSE
	EndGlobalSection
	GlobalSection(ExtensibilityGlobals) = postSolution
		SolutionGuid = {C1E763BD-BFDA-4019-96D9-E30ABFD2C960}
	EndGlobalSection
EndGlobal
